// !$*UTF8*$!
{
	archiveVersion = 1;
	classes = {
	};
	objectVersion = 46;
	objects = {

/* Begin PBXAggregateTarget section */
		0AF494FCA3818D87B75BA628 /* All */ = {
			isa = PBXAggregateTarget;
			buildConfigurationList = DDCD865EF5CCEB82A77144FC /* Build configuration list for PBXAggregateTarget "All" */;
			buildPhases = (
			);
			dependencies = (
				418F5226DF63439CBB705EEE /* PBXTargetDependency */,
				76E53D6969ABF42C7418F353 /* PBXTargetDependency */,
			);
			name = All;
			productName = All;
		};
/* End PBXAggregateTarget section */

/* Begin PBXBuildFile section */
		14996356D07EBDE1401BCD70 /* NativeDehaze.cpp in Sources */ = {isa = PBXBuildFile; fileRef = 884FDC7141FED55E0A927A9F /* NativeDehaze.cpp */; };
		393EC6E6A01538769A9D355F /* djinni_main.cpp in Sources */ = {isa = PBXBuildFile; fileRef = 8DCBBDEDEA3D516612258582 /* djinni_main.cpp */; };
		4653DC02E15FB3FF9FA77425 /* dehaze_impl.cpp in Sources */ = {isa = PBXBuildFile; fileRef = 7CC2E71F43E1D4D18D31C4AC /* dehaze_impl.cpp */; };
		99127FDDEC094E9694B9A241 /* libdjinni_jni.a in Frameworks */ = {isa = PBXBuildFile; fileRef = 3703FCE0979043CAB946D2B7 /* libdjinni_jni.a */; };
		EACE470EAFAFF22ABF3A1868 /* OCDehaze+Private.mm in Sources */ = {isa = PBXBuildFile; fileRef = BAF1A053BB82C082C2504BC2 /* OCDehaze+Private.mm */; };
		EEFC8CE009A828290688D177 /* dehaze_impl.cpp in Sources */ = {isa = PBXBuildFile; fileRef = 7CC2E71F43E1D4D18D31C4AC /* dehaze_impl.cpp */; };
/* End PBXBuildFile section */

/* Begin PBXContainerItemProxy section */
		1D05D5EC53A09E5EE8C9C450 /* PBXContainerItemProxy */ = {
			isa = PBXContainerItemProxy;
			containerPortal = 435D84886F3638772D5875E9 /* support_lib.xcodeproj */;
			proxyType = 2;
			remoteGlobalIDString = DC658C749F521B13A5BDCBBC;
			remoteInfo = djinni_jni;
		};
		901026854D147E2CCD1160C2 /* PBXContainerItemProxy */ = {
			isa = PBXContainerItemProxy;
			containerPortal = A47E69CC32212CB41D49AA36 /* Project object */;
			proxyType = 1;
			remoteGlobalIDString = 0D0C7FB11F360CD87A870685;
			remoteInfo = libdehaze_objc;
		};
		BF653A843F5CF8617293AE93 /* PBXContainerItemProxy */ = {
			isa = PBXContainerItemProxy;
			containerPortal = 435D84886F3638772D5875E9 /* support_lib.xcodeproj */;
			proxyType = 1;
			remoteGlobalIDString = AD97C5F2356EF26110758A40;
			remoteInfo = djinni_jni;
		};
		DDDDD3EDA815129391CD2977 /* PBXContainerItemProxy */ = {
			isa = PBXContainerItemProxy;
			containerPortal = 435D84886F3638772D5875E9 /* support_lib.xcodeproj */;
			proxyType = 2;
			remoteGlobalIDString = 0C99AA4F95316AA552A79C55;
			remoteInfo = djinni_objc;
		};
		EB8A094D026EE186D9D027E7 /* PBXContainerItemProxy */ = {
			isa = PBXContainerItemProxy;
			containerPortal = 435D84886F3638772D5875E9 /* support_lib.xcodeproj */;
			proxyType = 2;
			remoteGlobalIDString = 830C2426AC54ADA0794D7413;
			remoteInfo = djinni_jni_main;
		};
		F9270C995BFBEDE6BF607253 /* PBXContainerItemProxy */ = {
			isa = PBXContainerItemProxy;
			containerPortal = A47E69CC32212CB41D49AA36 /* Project object */;
			proxyType = 1;
			remoteGlobalIDString = 243649468A31EFB69397C445;
			remoteInfo = libdehaze_jni;
		};
/* End PBXContainerItemProxy section */

/* Begin PBXFileReference section */
		40EEE440BE5C7CDE4D8350BB /* libdehaze_objc.a */ = {isa = PBXFileReference; explicitFileType = archive.ar; includeInIndex = 0; path = libdehaze_objc.a; sourceTree = BUILT_PRODUCTS_DIR; };
		435D84886F3638772D5875E9 /* support_lib.xcodeproj */ = {isa = PBXFileReference; lastKnownFileType = "wrapper.pb-project"; name = support_lib.xcodeproj; path = "build_ios/thirdparty/djinni/support-lib/support_lib.xcodeproj"; sourceTree = SOURCE_ROOT; };
		7CC2E71F43E1D4D18D31C4AC /* dehaze_impl.cpp */ = {isa = PBXFileReference; lastKnownFileType = sourcecode.cpp.cpp; path = dehaze_impl.cpp; sourceTree = "<group>"; };
		884FDC7141FED55E0A927A9F /* NativeDehaze.cpp */ = {isa = PBXFileReference; lastKnownFileType = sourcecode.cpp.cpp; path = NativeDehaze.cpp; sourceTree = "<group>"; };
		8DCBBDEDEA3D516612258582 /* djinni_main.cpp */ = {isa = PBXFileReference; lastKnownFileType = sourcecode.cpp.cpp; path = djinni_main.cpp; sourceTree = "<group>"; };
		B0F036218AEE0D00FA6B1920 /* common.gypi */ = {isa = PBXFileReference; explicitFileType = sourcecode; name = common.gypi; path = thirdparty/djinni/common.gypi; sourceTree = "<group>"; };
		BAF1A053BB82C082C2504BC2 /* OCDehaze+Private.mm */ = {isa = PBXFileReference; lastKnownFileType = sourcecode.cpp.objcpp; path = "OCDehaze+Private.mm"; sourceTree = "<group>"; };
		E791FEA56ED5913203485668 /* libdehaze_jni.dylib */ = {isa = PBXFileReference; explicitFileType = "compiled.mach-o.dylib"; includeInIndex = 0; path = libdehaze_jni.dylib; sourceTree = BUILT_PRODUCTS_DIR; };
		FF156AFBFFE581C360B5A702 /* libdehaze.gyp */ = {isa = PBXFileReference; explicitFileType = sourcecode; path = libdehaze.gyp; sourceTree = "<group>"; };
/* End PBXFileReference section */

/* Begin PBXFrameworksBuildPhase section */
		4FF757A0B7FA94280862CCE5 /* Frameworks */ = {
			isa = PBXFrameworksBuildPhase;
			buildActionMask = 2147483647;
			files = (
			);
			runOnlyForDeploymentPostprocessing = 0;
		};
		DAEFC0C3BBBC3E4E2FFDE0AE /* Frameworks */ = {
			isa = PBXFrameworksBuildPhase;
			buildActionMask = 2147483647;
			files = (
				99127FDDEC094E9694B9A241 /* libdjinni_jni.a in Frameworks */,
			);
			runOnlyForDeploymentPostprocessing = 0;
		};
/* End PBXFrameworksBuildPhase section */

/* Begin PBXGroup section */
		1F4C05157EBE383BC2AFFA57 /* Products */ = {
			isa = PBXGroup;
			children = (
				3703FCE0979043CAB946D2B7 /* libdjinni_jni.a */,
				6E975441C0EA6B85F10DA23D /* libdjinni_jni_main.a */,
				62712DDCFD60CF21A8CFCA09 /* libdjinni_objc.a */,
			);
			name = Products;
			sourceTree = "<group>";
		};
		20940BF74421E7C1990738AF /* src/cpp */ = {
			isa = PBXGroup;
			children = (
				7CC2E71F43E1D4D18D31C4AC /* dehaze_impl.cpp */,
			);
			path = src/cpp;
			sourceTree = "<group>";
		};
		9B90F2C56011DCEEA28A35A5 /* Source */ = {
			isa = PBXGroup;
			children = (
				E92CA5C665706339E3680DDA /* generated-src */,
				20940BF74421E7C1990738AF /* src/cpp */,
				E5E29A59398372A33A50307C /* thirdparty/djinni/support-lib/jni */,
			);
			name = Source;
			sourceTree = "<group>";
		};
		9E087C30649321113F8E98F8 /* objc */ = {
			isa = PBXGroup;
			children = (
				BAF1A053BB82C082C2504BC2 /* OCDehaze+Private.mm */,
			);
			path = objc;
			sourceTree = "<group>";
		};
		A36D7A92F85AFDF4AE16A277 = {
			isa = PBXGroup;
			children = (
				9B90F2C56011DCEEA28A35A5 /* Source */,
				DF3ED6BB03BC1B178A326BF3 /* Projects */,
				E7728CC25EBFDBCA87B2ACAB /* Products */,
				C853BBC9CC63228DE090FF96 /* Build */,
			);
			sourceTree = "<group>";
		};
		C853BBC9CC63228DE090FF96 /* Build */ = {
			isa = PBXGroup;
			children = (
				B0F036218AEE0D00FA6B1920 /* common.gypi */,
				FF156AFBFFE581C360B5A702 /* libdehaze.gyp */,
			);
			name = Build;
			sourceTree = "<group>";
		};
		DA96977E60D43C201282C5CA /* jni */ = {
			isa = PBXGroup;
			children = (
				884FDC7141FED55E0A927A9F /* NativeDehaze.cpp */,
			);
			path = jni;
			sourceTree = "<group>";
		};
		DF3ED6BB03BC1B178A326BF3 /* Projects */ = {
			isa = PBXGroup;
			children = (
				435D84886F3638772D5875E9 /* support_lib.xcodeproj */,
			);
			name = Projects;
			sourceTree = "<group>";
		};
		E5E29A59398372A33A50307C /* thirdparty/djinni/support-lib/jni */ = {
			isa = PBXGroup;
			children = (
				8DCBBDEDEA3D516612258582 /* djinni_main.cpp */,
			);
			path = "thirdparty/djinni/support-lib/jni";
			sourceTree = "<group>";
		};
		E7728CC25EBFDBCA87B2ACAB /* Products */ = {
			isa = PBXGroup;
			children = (
				E791FEA56ED5913203485668 /* libdehaze_jni.dylib */,
				40EEE440BE5C7CDE4D8350BB /* libdehaze_objc.a */,
			);
			name = Products;
			sourceTree = "<group>";
		};
		E92CA5C665706339E3680DDA /* generated-src */ = {
			isa = PBXGroup;
			children = (
				DA96977E60D43C201282C5CA /* jni */,
				9E087C30649321113F8E98F8 /* objc */,
			);
			path = "generated-src";
			sourceTree = "<group>";
		};
/* End PBXGroup section */

/* Begin PBXNativeTarget section */
		0D0C7FB11F360CD87A870685 /* libdehaze_objc */ = {
			isa = PBXNativeTarget;
			buildConfigurationList = 927914F7FC85776517E81D58 /* Build configuration list for PBXNativeTarget "libdehaze_objc" */;
			buildPhases = (
				FD0F075757BB5736D7789908 /* Sources */,
				4FF757A0B7FA94280862CCE5 /* Frameworks */,
			);
			buildRules = (
			);
			dependencies = (
			);
			name = libdehaze_objc;
			productName = dehaze_objc;
			productReference = 40EEE440BE5C7CDE4D8350BB /* libdehaze_objc.a */;
			productType = "com.apple.product-type.library.static";
		};
		243649468A31EFB69397C445 /* libdehaze_jni */ = {
			isa = PBXNativeTarget;
			buildConfigurationList = 803C9176EB0151C09D8B1888 /* Build configuration list for PBXNativeTarget "libdehaze_jni" */;
			buildPhases = (
				0569748F93A7EF727C274E60 /* Sources */,
				DAEFC0C3BBBC3E4E2FFDE0AE /* Frameworks */,
			);
			buildRules = (
			);
			dependencies = (
				982CA42788497D34B89A0F7D /* PBXTargetDependency */,
			);
			name = libdehaze_jni;
			productName = dehaze_jni;
			productReference = E791FEA56ED5913203485668 /* libdehaze_jni.dylib */;
			productType = "com.apple.product-type.library.dynamic";
		};
/* End PBXNativeTarget section */

/* Begin PBXProject section */
		A47E69CC32212CB41D49AA36 /* Project object */ = {
			isa = PBXProject;
			attributes = {
				BuildIndependentTargetsInParallel = YES;
			};
			buildConfigurationList = 3718C8CFD4CE92D2CDCFB7E3 /* Build configuration list for PBXProject "libdehaze" */;
			compatibilityVersion = "Xcode 3.2";
			hasScannedForEncodings = 1;
			mainGroup = A36D7A92F85AFDF4AE16A277;
			projectDirPath = ..;
			projectReferences = (
				{
					ProductGroup = 1F4C05157EBE383BC2AFFA57 /* Products */;
					ProjectRef = 435D84886F3638772D5875E9 /* support_lib.xcodeproj */;
				},
			);
			projectRoot = "";
			targets = (
				0AF494FCA3818D87B75BA628 /* All */,
				243649468A31EFB69397C445 /* libdehaze_jni */,
				0D0C7FB11F360CD87A870685 /* libdehaze_objc */,
			);
		};
/* End PBXProject section */

/* Begin PBXReferenceProxy section */
		3703FCE0979043CAB946D2B7 /* libdjinni_jni.a */ = {
			isa = PBXReferenceProxy;
			fileType = archive.ar;
			path = libdjinni_jni.a;
			remoteRef = 1D05D5EC53A09E5EE8C9C450 /* PBXContainerItemProxy */;
			sourceTree = BUILT_PRODUCTS_DIR;
		};
		62712DDCFD60CF21A8CFCA09 /* libdjinni_objc.a */ = {
			isa = PBXReferenceProxy;
			fileType = archive.ar;
			path = libdjinni_objc.a;
			remoteRef = DDDDD3EDA815129391CD2977 /* PBXContainerItemProxy */;
			sourceTree = BUILT_PRODUCTS_DIR;
		};
		6E975441C0EA6B85F10DA23D /* libdjinni_jni_main.a */ = {
			isa = PBXReferenceProxy;
			fileType = archive.ar;
			path = libdjinni_jni_main.a;
			remoteRef = EB8A094D026EE186D9D027E7 /* PBXContainerItemProxy */;
			sourceTree = BUILT_PRODUCTS_DIR;
		};
/* End PBXReferenceProxy section */

/* Begin PBXSourcesBuildPhase section */
		0569748F93A7EF727C274E60 /* Sources */ = {
			isa = PBXSourcesBuildPhase;
			buildActionMask = 2147483647;
			files = (
				393EC6E6A01538769A9D355F /* djinni_main.cpp in Sources */,
				14996356D07EBDE1401BCD70 /* NativeDehaze.cpp in Sources */,
				EEFC8CE009A828290688D177 /* dehaze_impl.cpp in Sources */,
			);
			runOnlyForDeploymentPostprocessing = 0;
		};
		FD0F075757BB5736D7789908 /* Sources */ = {
			isa = PBXSourcesBuildPhase;
			buildActionMask = 2147483647;
			files = (
				EACE470EAFAFF22ABF3A1868 /* OCDehaze+Private.mm in Sources */,
				4653DC02E15FB3FF9FA77425 /* dehaze_impl.cpp in Sources */,
			);
			runOnlyForDeploymentPostprocessing = 0;
		};
/* End PBXSourcesBuildPhase section */

/* Begin PBXTargetDependency section */
		418F5226DF63439CBB705EEE /* PBXTargetDependency */ = {
			isa = PBXTargetDependency;
			target = 243649468A31EFB69397C445 /* libdehaze_jni */;
			targetProxy = F9270C995BFBEDE6BF607253 /* PBXContainerItemProxy */;
		};
		76E53D6969ABF42C7418F353 /* PBXTargetDependency */ = {
			isa = PBXTargetDependency;
			target = 0D0C7FB11F360CD87A870685 /* libdehaze_objc */;
			targetProxy = 901026854D147E2CCD1160C2 /* PBXContainerItemProxy */;
		};
		982CA42788497D34B89A0F7D /* PBXTargetDependency */ = {
			isa = PBXTargetDependency;
			name = djinni_jni;
			targetProxy = BF653A843F5CF8617293AE93 /* PBXContainerItemProxy */;
		};
/* End PBXTargetDependency section */

/* Begin XCBuildConfiguration section */
		5166B01632DFCED122294483 /* Release */ = {
			isa = XCBuildConfiguration;
			buildSettings = {
				CLANG_CXX_LANGUAGE_STANDARD = "c++11";
				CLANG_CXX_LIBRARY = "libc++";
				CLANG_ENABLE_OBJC_ARC = YES;
				DEAD_CODE_STRIPPING = YES;
				EXECUTABLE_PREFIX = lib;
				GCC_PREPROCESSOR_DEFINITIONS = "NDEBUG=1";
				HEADER_SEARCH_PATHS = (
					"generated-src/objc",
					"generated-src/cpp",
					src/cpp,
					"thirdparty/djinni/support-lib/objc",
				);
				IPHONEOS_DEPLOYMENT_TARGET = 8.0;
				OTHER_CFLAGS = "-Wall";
				OTHER_CPLUSPLUSFLAGS = "-Wall";
				PRODUCT_NAME = dehaze_objc;
				SDKROOT = iphoneos;
				SKIP_INSTALL = YES;
				SUPPORTED_PLATFORMS = "iphonesimulator iphoneos";
			};
			name = Release;
		};
		518A760269D514F47BA02ECC /* Debug */ = {
			isa = XCBuildConfiguration;
			buildSettings = {
				CLANG_CXX_LANGUAGE_STANDARD = "c++11";
				CLANG_CXX_LIBRARY = "libc++";
				CLANG_ENABLE_OBJC_ARC = YES;
				DEAD_CODE_STRIPPING = YES;
				EXECUTABLE_PREFIX = lib;
				GCC_PREPROCESSOR_DEFINITIONS = "DEBUG=1";
				HEADER_SEARCH_PATHS = (
					"generated-src/jni",
					"generated-src/cpp",
					src/cpp,
					"thirdparty/djinni/support-lib/jni",
				);
				IPHONEOS_DEPLOYMENT_TARGET = 8.0;
				ONLY_ACTIVE_ARCH = YES;
				OTHER_CFLAGS = "-Wall";
				OTHER_CPLUSPLUSFLAGS = "-Wall";
				PRODUCT_NAME = dehaze_jni;
				SDKROOT = iphoneos;
				SKIP_INSTALL = YES;
				SUPPORTED_PLATFORMS = "iphonesimulator iphoneos";
			};
			name = Debug;
		};
		8456FB367D7E96BB07A948E4 /* Debug */ = {
			isa = XCBuildConfiguration;
			buildSettings = {
				INTERMEDIATE_DIR = "$(PROJECT_DERIVED_FILE_DIR)/$(CONFIGURATION)";
				SHARED_INTERMEDIATE_DIR = "$(SYMROOT)/DerivedSources/$(CONFIGURATION)";
			};
			name = Debug;
		};
		984DD1C1750FFCB2740CC888 /* Release */ = {
			isa = XCBuildConfiguration;
			buildSettings = {
				PRODUCT_NAME = All;
			};
			name = Release;
		};
		9DA7BDD561C297857232E56F /* Release */ = {
			isa = XCBuildConfiguration;
			buildSettings = {
				CLANG_CXX_LANGUAGE_STANDARD = "c++11";
				CLANG_CXX_LIBRARY = "libc++";
				CLANG_ENABLE_OBJC_ARC = YES;
				DEAD_CODE_STRIPPING = YES;
				EXECUTABLE_PREFIX = lib;
				GCC_PREPROCESSOR_DEFINITIONS = "NDEBUG=1";
				HEADER_SEARCH_PATHS = (
					"generated-src/jni",
					"generated-src/cpp",
					src/cpp,
					"thirdparty/djinni/support-lib/jni",
				);
				IPHONEOS_DEPLOYMENT_TARGET = 8.0;
				OTHER_CFLAGS = "-Wall";
				OTHER_CPLUSPLUSFLAGS = "-Wall";
				PRODUCT_NAME = dehaze_jni;
				SDKROOT = iphoneos;
				SKIP_INSTALL = YES;
				SUPPORTED_PLATFORMS = "iphonesimulator iphoneos";
			};
			name = Release;
		};
		AFBA9D2646C282C3F92B3018 /* Release */ = {
			isa = XCBuildConfiguration;
			buildSettings = {
				INTERMEDIATE_DIR = "$(PROJECT_DERIVED_FILE_DIR)/$(CONFIGURATION)";
				SHARED_INTERMEDIATE_DIR = "$(SYMROOT)/DerivedSources/$(CONFIGURATION)";
			};
			name = Release;
		};
		C97E657735B4692113E296D9 /* Debug */ = {
			isa = XCBuildConfiguration;
			buildSettings = {
				PRODUCT_NAME = All;
			};
			name = Debug;
		};
		D88E86431DBAF680904E9995 /* Debug */ = {
			isa = XCBuildConfiguration;
			buildSettings = {
				CLANG_CXX_LANGUAGE_STANDARD = "c++11";
				CLANG_CXX_LIBRARY = "libc++";
				CLANG_ENABLE_OBJC_ARC = YES;
				DEAD_CODE_STRIPPING = YES;
				EXECUTABLE_PREFIX = lib;
				GCC_PREPROCESSOR_DEFINITIONS = "DEBUG=1";
				HEADER_SEARCH_PATHS = (
					"generated-src/objc",
					"generated-src/cpp",
					src/cpp,
					"thirdparty/djinni/support-lib/objc",
				);
				IPHONEOS_DEPLOYMENT_TARGET = 8.0;
				ONLY_ACTIVE_ARCH = YES;
				OTHER_CFLAGS = "-Wall";
				OTHER_CPLUSPLUSFLAGS = "-Wall";
				PRODUCT_NAME = dehaze_objc;
				SDKROOT = iphoneos;
				SKIP_INSTALL = YES;
				SUPPORTED_PLATFORMS = "iphonesimulator iphoneos";
			};
			name = Debug;
		};
/* End XCBuildConfiguration section */

/* Begin XCConfigurationList section */
		3718C8CFD4CE92D2CDCFB7E3 /* Build configuration list for PBXProject "libdehaze" */ = {
			isa = XCConfigurationList;
			buildConfigurations = (
				8456FB367D7E96BB07A948E4 /* Debug */,
				AFBA9D2646C282C3F92B3018 /* Release */,
			);
			defaultConfigurationIsVisible = 1;
			defaultConfigurationName = Debug;
		};
		803C9176EB0151C09D8B1888 /* Build configuration list for PBXNativeTarget "libdehaze_jni" */ = {
			isa = XCConfigurationList;
			buildConfigurations = (
				518A760269D514F47BA02ECC /* Debug */,
				9DA7BDD561C297857232E56F /* Release */,
			);
			defaultConfigurationIsVisible = 1;
			defaultConfigurationName = Debug;
		};
		927914F7FC85776517E81D58 /* Build configuration list for PBXNativeTarget "libdehaze_objc" */ = {
			isa = XCConfigurationList;
			buildConfigurations = (
				D88E86431DBAF680904E9995 /* Debug */,
				5166B01632DFCED122294483 /* Release */,
			);
			defaultConfigurationIsVisible = 1;
			defaultConfigurationName = Debug;
		};
		DDCD865EF5CCEB82A77144FC /* Build configuration list for PBXAggregateTarget "All" */ = {
			isa = XCConfigurationList;
			buildConfigurations = (
				C97E657735B4692113E296D9 /* Debug */,
				984DD1C1750FFCB2740CC888 /* Release */,
			);
			defaultConfigurationIsVisible = 1;
			defaultConfigurationName = Debug;
		};
/* End XCConfigurationList section */
	};
	rootObject = A47E69CC32212CB41D49AA36 /* Project object */;
}
